
Microsoft Visual Studio Solution File, Format Version 12.00
# Visual Studio Version 17
VisualStudioVersion = 17.14.36127.28 d17.14
MinimumVisualStudioVersion = 10.0.40219.1
Project("{FAE04EC0-301F-11D3-BF4B-00C04F79EFBC}") = "WebApplication1", "WebApplication1.csproj", "{C01239D7-19B1-4AC2-8062-4DA683BD252F}"
EndProject
Global
	GlobalSection(SolutionConfigurationPlatforms) = preSolution
		Debug|Any CPU = Debug|Any CPU
		Release|Any CPU = Release|Any CPU
	EndGlobalSection
	GlobalSection(ProjectConfigurationPlatforms) = postSolution
		{C01239D7-19B1-4AC2-8062-4DA683BD252F}.Debug|Any CPU.ActiveCfg = Debug|Any CPU
		{C01239D7-19B1-4AC2-8062-4DA683BD252F}.Debug|Any CPU.Build.0 = Debug|Any CPU
		{C01239D7-19B1-4AC2-8062-4DA683BD252F}.Release|Any CPU.ActiveCfg = Release|Any CPU
		{C01239D7-19B1-4AC2-8062-4DA683BD252F}.Release|Any CPU.Build.0 = Release|Any CPU
	EndGlobalSection
	GlobalSection(SolutionProperties) = preSolution
		HideSolutionNode = FALSE
	EndGlobalSection
	GlobalSection(ExtensibilityGlobals) = postSolution
		SolutionGuid = {E9807A43-4F89-4E50-B99B-A39DBE6599D5}
	EndGlobalSection
EndGlobal
